
Microsoft Visual Studio Solution File, Format Version 12.00
# Visual Studio Version 16
VisualStudioVersion = 16.0.31402.337
MinimumVisualStudioVersion = 10.0.40219.1
Project("{9A19103F-16F7-4668-BE54-9A1E7A4F7556}") = "membership-management", "membership-management\membership-management.csproj", "{38E615B5-6F7E-4BF1-B7FC-F97A565CFAEE}"
EndProject
Global
	GlobalSection(SolutionConfigurationPlatforms) = preSolution
		Debug|Any CPU = Debug|Any CPU
		Release|Any CPU = Release|Any CPU
	EndGlobalSection
	GlobalSection(ProjectConfigurationPlatforms) = postSolution
		{38E615B5-6F7E-4BF1-B7FC-F97A565CFAEE}.Debug|Any CPU.ActiveCfg = Debug|Any CPU
		{38E615B5-6F7E-4BF1-B7FC-F97A565CFAEE}.Debug|Any CPU.Build.0 = Debug|Any CPU
		{38E615B5-6F7E-4BF1-B7FC-F97A565CFAEE}.Release|Any CPU.ActiveCfg = Release|Any CPU
		{38E615B5-6F7E-4BF1-B7FC-F97A565CFAEE}.Release|Any CPU.Build.0 = Release|Any CPU
	EndGlobalSection
	GlobalSection(SolutionProperties) = preSolution
		HideSolutionNode = FALSE
	EndGlobalSection
	GlobalSection(ExtensibilityGlobals) = postSolution
		SolutionGuid = {B4AD846F-82BC-407D-9FBA-8945C3AEF8F2}
	EndGlobalSection
EndGlobal
